
Microsoft Visual Studio Solution File, Format Version 12.00
# Visual Studio Version 17
VisualStudioVersion = 17.14.36717.8 d17.14
MinimumVisualStudioVersion = 10.0.40219.1
Project("{FAE04EC0-301F-11D3-BF4B-00C04F79EFBC}") = "FormFlow.Backend", "FormFlow.Backend.csproj", "{F6752484-A511-458D-8804-B21E2CF3822B}"
EndProject
Global
	GlobalSection(SolutionConfigurationPlatforms) = preSolution
		Debug|Any CPU = Debug|Any CPU
		Release|Any CPU = Release|Any CPU
	EndGlobalSection
	GlobalSection(ProjectConfigurationPlatforms) = postSolution
		{F6752484-A511-458D-8804-B21E2CF3822B}.Debug|Any CPU.ActiveCfg = Debug|Any CPU
		{F6752484-A511-458D-8804-B21E2CF3822B}.Debug|Any CPU.Build.0 = Debug|Any CPU
		{F6752484-A511-458D-8804-B21E2CF3822B}.Release|Any CPU.ActiveCfg = Release|Any CPU
		{F6752484-A511-458D-8804-B21E2CF3822B}.Release|Any CPU.Build.0 = Release|Any CPU
	EndGlobalSection
	GlobalSection(SolutionProperties) = preSolution
		HideSolutionNode = FALSE
	EndGlobalSection
	GlobalSection(ExtensibilityGlobals) = postSolution
		SolutionGuid = {9CB97B5C-B80F-44B3-A3E5-CABDDCDDF50E}
	EndGlobalSection
EndGlobal
